
Microsoft Visual Studio Solution File, Format Version 12.00
# Visual Studio Version 17
VisualStudioVersion = 17.9.34714.143
MinimumVisualStudioVersion = 10.0.40219.1
Project("{FAE04EC0-301F-11D3-BF4B-00C04F79EFBC}") = "IdentifyAge_wMETHODS", "IdentifyAge_wMETHODS.csproj", "{E32A3D8F-1BDE-4A33-A135-7DB1684953CC}"
EndProject
Global
	GlobalSection(SolutionConfigurationPlatforms) = preSolution
		Debug|Any CPU = Debug|Any CPU
		Release|Any CPU = Release|Any CPU
	EndGlobalSection
	GlobalSection(ProjectConfigurationPlatforms) = postSolution
		{E32A3D8F-1BDE-4A33-A135-7DB1684953CC}.Debug|Any CPU.ActiveCfg = Debug|Any CPU
		{E32A3D8F-1BDE-4A33-A135-7DB1684953CC}.Debug|Any CPU.Build.0 = Debug|Any CPU
		{E32A3D8F-1BDE-4A33-A135-7DB1684953CC}.Release|Any CPU.ActiveCfg = Release|Any CPU
		{E32A3D8F-1BDE-4A33-A135-7DB1684953CC}.Release|Any CPU.Build.0 = Release|Any CPU
	EndGlobalSection
	GlobalSection(SolutionProperties) = preSolution
		HideSolutionNode = FALSE
	EndGlobalSection
	GlobalSection(ExtensibilityGlobals) = postSolution
		SolutionGuid = {61423849-08F2-4CB3-B916-8CBA47EC2CD0}
	EndGlobalSection
EndGlobal
